
Microsoft Visual Studio Solution File, Format Version 12.00
# Visual Studio 15
VisualStudioVersion = 15.0.28307.168
MinimumVisualStudioVersion = 10.0.40219.1
Project("{E24C65DC-7377-472B-9ABA-BC803B73C61A}") = "WCFExerciciosService", "WCFExerciciosService\", "{F6B49F0B-5869-42F3-85C7-737CBEBB6BBA}"
	ProjectSection(WebsiteProperties) = preProject
		TargetFrameworkMoniker = ".NETFramework,Version%3Dv4.6.1"
		Debug.AspNetCompiler.VirtualPath = "/localhost_52122"
		Debug.AspNetCompiler.PhysicalPath = "WCFExerciciosService\"
		Debug.AspNetCompiler.TargetPath = "PrecompiledWeb\localhost_52122\"
		Debug.AspNetCompiler.Updateable = "true"
		Debug.AspNetCompiler.ForceOverwrite = "true"
		Debug.AspNetCompiler.FixedNames = "false"
		Debug.AspNetCompiler.Debug = "True"
		Release.AspNetCompiler.VirtualPath = "/localhost_52122"
		Release.AspNetCompiler.PhysicalPath = "WCFExerciciosService\"
		Release.AspNetCompiler.TargetPath = "PrecompiledWeb\localhost_52122\"
		Release.AspNetCompiler.Updateable = "true"
		Release.AspNetCompiler.ForceOverwrite = "true"
		Release.AspNetCompiler.FixedNames = "false"
		Release.AspNetCompiler.Debug = "False"
		VWDPort = "52122"
		SlnRelativePath = "WCFExerciciosService\"
		DefaultWebSiteLanguage = "Visual C#"
	EndProjectSection
EndProject
Global
	GlobalSection(SolutionConfigurationPlatforms) = preSolution
		Debug|Any CPU = Debug|Any CPU
	EndGlobalSection
	GlobalSection(ProjectConfigurationPlatforms) = postSolution
		{F6B49F0B-5869-42F3-85C7-737CBEBB6BBA}.Debug|Any CPU.ActiveCfg = Debug|Any CPU
		{F6B49F0B-5869-42F3-85C7-737CBEBB6BBA}.Debug|Any CPU.Build.0 = Debug|Any CPU
	EndGlobalSection
	GlobalSection(SolutionProperties) = preSolution
		HideSolutionNode = FALSE
	EndGlobalSection
	GlobalSection(ExtensibilityGlobals) = postSolution
		SolutionGuid = {E0E19524-F457-49FA-9498-5B4776F643DC}
	EndGlobalSection
EndGlobal
